
Microsoft Visual Studio Solution File, Format Version 12.00
# Visual Studio Version 16
VisualStudioVersion = 16.0.30907.101
MinimumVisualStudioVersion = 10.0.40219.1
Project("{FAE04EC0-301F-11D3-BF4B-00C04F79EFBC}") = "BlazorNewLayout", "BlazorNewLayout\BlazorNewLayout.csproj", "{01968F1C-7C13-481C-A4E7-091E046D69D1}"
EndProject
Global
	GlobalSection(SolutionConfigurationPlatforms) = preSolution
		Debug|Any CPU = Debug|Any CPU
		Release|Any CPU = Release|Any CPU
	EndGlobalSection
	GlobalSection(ProjectConfigurationPlatforms) = postSolution
		{01968F1C-7C13-481C-A4E7-091E046D69D1}.Debug|Any CPU.ActiveCfg = Debug|Any CPU
		{01968F1C-7C13-481C-A4E7-091E046D69D1}.Debug|Any CPU.Build.0 = Debug|Any CPU
		{01968F1C-7C13-481C-A4E7-091E046D69D1}.Release|Any CPU.ActiveCfg = Release|Any CPU
		{01968F1C-7C13-481C-A4E7-091E046D69D1}.Release|Any CPU.Build.0 = Release|Any CPU
	EndGlobalSection
	GlobalSection(SolutionProperties) = preSolution
		HideSolutionNode = FALSE
	EndGlobalSection
	GlobalSection(ExtensibilityGlobals) = postSolution
		SolutionGuid = {64D68D5C-1167-463F-A0D8-D7A9DF1FA705}
	EndGlobalSection
EndGlobal
